{
	"source": {
		"repository": "Shadaffy/radix-dao-governance",
		"ref": "2a5fe93dc275cc453c85b2b9939c37f142b31342"
	},
	"files": {
		"pending/policy-library-reading-guide.md": "4d06b689aa56cf54931ef26272337716432d290637fb0b59a1bbfa945e48f476",
		"pending/governance/roles-registry.md": "95ccf1a82f181c1333c004c64d9f12597af0331ab098dc429d1c6fb3f576f7b1",
		"pending/governance/on-chain-identifiers-and-verification-policy.md": "6803704d06d4471e1824b5a2fe21720da3614bf7454060171e91e83a6896a903"
	}
}
