{
	"source": {
		"repository": "RadixDAO/governance-framework",
		"ref": "55c81d642cd0502d7209777dce36883b3ecb77dc"
	},
	"files": {
		"guides/policy-library-reading-guide.md": "2279039e8c2da841d32a8330c2613e4de7c325f760b49d09fda01a90797c273b",
		"guides/roles-registry.md": "2e9983b5e2e9953c0b28f997a41b52c706f123a51b6261d561f674ee10661469",
		"governance/on-chain-identifiers-and-verification-policy.md": "078affe1fce75c6fb01c77f840958f3d3daf06c54faf61e226d7ce678b677d83"
	}
}
